
Microsoft Visual Studio Solution File, Format Version 12.00
# Visual Studio Version 17
VisualStudioVersion = 17.5.33502.453
MinimumVisualStudioVersion = 10.0.40219.1
Project("{2150E333-8FDC-42A3-9474-1A3956D46DE8}") = "Internal", "Internal", "{250A0EEF-92BE-4DC8-A52B-957B3BEA0C83}"
	ProjectSection(SolutionItems) = preProject
		Internal\.editorconfig = Internal\.editorconfig
	EndProjectSection
EndProject
Project("{2150E333-8FDC-42A3-9474-1A3956D46DE8}") = "Scripts", "Scripts", "{A2A8A27B-96A9-4759-AFA8-344A48B16CD3}"
EndProject
Project("{2150E333-8FDC-42A3-9474-1A3956D46DE8}") = "Dlls", "Dlls", "{13A1203D-061B-4BC8-AF63-EEFE32E30BFB}"
	ProjectSection(SolutionItems) = preProject
		Dlls\ABOUT.md = Dlls\ABOUT.md
	EndProjectSection
EndProject
Project("{2150E333-8FDC-42A3-9474-1A3956D46DE8}") = "CompanionFiles", "CompanionFiles", "{F33F4B68-68AA-42EB-84A8-A39218C7E7F6}"
EndProject
Project("{2150E333-8FDC-42A3-9474-1A3956D46DE8}") = "Skyline DataMiner", "Skyline DataMiner", "{825E1947-670E-4C7B-8362-04B58671A5D5}"
	ProjectSection(SolutionItems) = preProject
		CompanionFiles\Skyline DataMiner\AboutThisFolder.md = CompanionFiles\Skyline DataMiner\AboutThisFolder.md
	EndProjectSection
EndProject
Project("{2150E333-8FDC-42A3-9474-1A3956D46DE8}") = "Documentation", "Documentation", "{60A38CD9-628D-4250-B43F-086C6762157C}"
	ProjectSection(SolutionItems) = preProject
		Documentation\ABOUT.md = Documentation\ABOUT.md
		README.md = README.md
	EndProjectSection
EndProject
Project("{2150E333-8FDC-42A3-9474-1A3956D46DE8}") = "Tests", "Tests", "{F8938D60-51A0-4880-9CFC-19C66379BB5D}"
EndProject
Project("{2150E333-8FDC-42A3-9474-1A3956D46DE8}") = "Code Analysis", "Code Analysis", "{E9185B49-03E4-483D-9C29-E811EC7492C1}"
	ProjectSection(SolutionItems) = preProject
		Internal\Code Analysis\qaction-debug.ruleset = Internal\Code Analysis\qaction-debug.ruleset
		Internal\Code Analysis\qaction-release.ruleset = Internal\Code Analysis\qaction-release.ruleset
		Internal\Code Analysis\stylecop.json = Internal\Code Analysis\stylecop.json
	EndProjectSection
EndProject
Project("{2150E333-8FDC-42A3-9474-1A3956D46DE8}") = "Load Balance Elements By Count", "Load Balance Elements By Count", "{C23B28D5-0D26-4FA7-AF2C-2542A2E66090}"
	ProjectSection(SolutionItems) = preProject
		Load Balance Elements By Count.xml = Load Balance Elements By Count.xml
	EndProjectSection
EndProject
Project("{2150E333-8FDC-42A3-9474-1A3956D46DE8}") = "Actions", "Actions", "{471E8C21-483E-4A0B-8DA1-DD1627260055}"
EndProject
Project("{9A19103F-16F7-4668-BE54-9A1E7A4F7556}") = "Load Balance Elements By Count_1", "Load Balance Elements By Count_1\Load Balance Elements By Count_1.csproj", "{E603A50D-F871-40CD-9694-B4BDA204FC9B}"
EndProject
Project("{2150E333-8FDC-42A3-9474-1A3956D46DE8}") = "Swarm Away All Elements From Agents", "Swarm Away All Elements From Agents", "{29D18E58-C816-4006-B264-01AE47142875}"
	ProjectSection(SolutionItems) = preProject
		Swarm Away All Elements From Agents.xml = Swarm Away All Elements From Agents.xml
	EndProjectSection
EndProject
Project("{2150E333-8FDC-42A3-9474-1A3956D46DE8}") = "Actions", "Actions", "{09064F0D-7C5B-462F-B8AB-D546851EA9CD}"
EndProject
Project("{9A19103F-16F7-4668-BE54-9A1E7A4F7556}") = "Swarm Away All Elements From Agents_1", "Swarm Away All Elements From Agents_1\Swarm Away All Elements From Agents_1.csproj", "{81EED96B-CE4E-438E-8EB2-52B90D8A2907}"
EndProject
Project("{D954291E-2A0B-460D-934E-DC6B0785DB48}") = "Swarming Playground", "Swarming Playground\Swarming Playground.shproj", "{3C06A546-AE2F-46D0-A80C-FD4FB97EB6FA}"
EndProject
Project("{9A19103F-16F7-4668-BE54-9A1E7A4F7556}") = "Swarming Playground Tests", "Swarming Playground Tests\Swarming Playground Tests.csproj", "{B95B6DF7-B1B5-44E1-9AEC-7F1117CA0CD3}"
EndProject
Project("{2150E333-8FDC-42A3-9474-1A3956D46DE8}") = "Save Cluster Snapshot", "Save Cluster Snapshot", "{C07EB237-D3E8-452C-922E-531E5B17901B}"
	ProjectSection(SolutionItems) = preProject
		Save Cluster Snapshot.xml = Save Cluster Snapshot.xml
	EndProjectSection
EndProject
Project("{2150E333-8FDC-42A3-9474-1A3956D46DE8}") = "Actions", "Actions", "{A227CD2F-EE06-4891-9A48-39A870A07CA9}"
EndProject
Project("{9A19103F-16F7-4668-BE54-9A1E7A4F7556}") = "Save Cluster Snapshot_1", "Save Cluster Snapshot_1\Save Cluster Snapshot_1.csproj", "{6B2AE737-BBBA-4681-8B3A-097180A9C545}"
EndProject
Project("{2150E333-8FDC-42A3-9474-1A3956D46DE8}") = "Swarm Back Elements To Last Snapshot", "Swarm Back Elements To Last Snapshot", "{136BA4BE-F89F-4C60-AB85-FEBF22630ADB}"
	ProjectSection(SolutionItems) = preProject
		Swarm Back Elements To Last Snapshot.xml = Swarm Back Elements To Last Snapshot.xml
	EndProjectSection
EndProject
Project("{2150E333-8FDC-42A3-9474-1A3956D46DE8}") = "Actions", "Actions", "{9B0D2F05-38F4-4069-9FB4-6B5D2ED5A998}"
EndProject
Project("{9A19103F-16F7-4668-BE54-9A1E7A4F7556}") = "Swarm Back Elements To Last Snapshot_1", "Swarm Back Elements To Last Snapshot_1\Swarm Back Elements To Last Snapshot_1.csproj", "{F876382B-A3FB-44ED-9655-8F2821D96F3A}"
EndProject
Project("{2150E333-8FDC-42A3-9474-1A3956D46DE8}") = "Element Count Per Agent", "Element Count Per Agent", "{0D67C9EB-DBA7-4D50-9706-A46E0EFABDBD}"
	ProjectSection(SolutionItems) = preProject
		Element Count Per Agent.xml = Element Count Per Agent.xml
	EndProjectSection
EndProject
Project("{2150E333-8FDC-42A3-9474-1A3956D46DE8}") = "Actions", "Actions", "{5C1990E7-550C-4288-BA08-1F2EFDF9647A}"
EndProject
Project("{9A19103F-16F7-4668-BE54-9A1E7A4F7556}") = "Element Count Per Agent_1", "Element Count Per Agent_1\Element Count Per Agent_1.csproj", "{A5E6DC86-E7EC-4D64-AC8C-10D88EB2E368}"
EndProject
Project("{2150E333-8FDC-42A3-9474-1A3956D46DE8}") = "Swarmable Elements", "Swarmable Elements", "{ADBCF3C6-EB1D-4A10-BA09-2F0E3509CD00}"
	ProjectSection(SolutionItems) = preProject
		Swarmable Elements.xml = Swarmable Elements.xml
	EndProjectSection
EndProject
Project("{2150E333-8FDC-42A3-9474-1A3956D46DE8}") = "Actions", "Actions", "{A352CC8A-0527-4F37-AF72-C70D2E875702}"
EndProject
Project("{9A19103F-16F7-4668-BE54-9A1E7A4F7556}") = "Swarmable Elements_1", "Swarmable Elements_1\Swarmable Elements_1.csproj", "{091810CC-1E64-4F63-AC04-595FAED9CF4A}"
EndProject
Project("{2150E333-8FDC-42A3-9474-1A3956D46DE8}") = "Swarming Prerequisites", "Swarming Prerequisites", "{540C15C8-6EB5-45E9-976D-DDCC7D46ECC5}"
	ProjectSection(SolutionItems) = preProject
		Swarming Prerequisites.xml = Swarming Prerequisites.xml
	EndProjectSection
EndProject
Project("{2150E333-8FDC-42A3-9474-1A3956D46DE8}") = "Actions", "Actions", "{379E6B18-2F08-41FE-86E3-F823B6AF9350}"
EndProject
Project("{9A19103F-16F7-4668-BE54-9A1E7A4F7556}") = "Swarming Prerequisites_1", "Swarming Prerequisites_1\Swarming Prerequisites_1.csproj", "{DD776BB9-8784-48AB-8831-7CDBFE0D9B33}"
EndProject
Project("{2150E333-8FDC-42A3-9474-1A3956D46DE8}") = "Enable Swarming", "Enable Swarming", "{1B7C6232-DDB6-4996-BCA0-9F8EACBEF3C5}"
	ProjectSection(SolutionItems) = preProject
		Enable Swarming.xml = Enable Swarming.xml
	EndProjectSection
EndProject
Project("{2150E333-8FDC-42A3-9474-1A3956D46DE8}") = "Actions", "Actions", "{1A5D0984-19E3-423C-9AF9-E58BAF19E5E9}"
EndProject
Project("{9A19103F-16F7-4668-BE54-9A1E7A4F7556}") = "Enable Swarming_1", "Enable Swarming_1\Enable Swarming_1.csproj", "{1F65B725-55B1-4E4A-9A1B-7F5499B20433}"
EndProject
Global
	GlobalSection(SolutionConfigurationPlatforms) = preSolution
		Debug|Any CPU = Debug|Any CPU
		Release|Any CPU = Release|Any CPU
	EndGlobalSection
	GlobalSection(ProjectConfigurationPlatforms) = postSolution
		{E603A50D-F871-40CD-9694-B4BDA204FC9B}.Debug|Any CPU.ActiveCfg = Debug|Any CPU
		{E603A50D-F871-40CD-9694-B4BDA204FC9B}.Debug|Any CPU.Build.0 = Debug|Any CPU
		{E603A50D-F871-40CD-9694-B4BDA204FC9B}.Release|Any CPU.ActiveCfg = Release|Any CPU
		{E603A50D-F871-40CD-9694-B4BDA204FC9B}.Release|Any CPU.Build.0 = Release|Any CPU
		{81EED96B-CE4E-438E-8EB2-52B90D8A2907}.Debug|Any CPU.ActiveCfg = Debug|Any CPU
		{81EED96B-CE4E-438E-8EB2-52B90D8A2907}.Debug|Any CPU.Build.0 = Debug|Any CPU
		{81EED96B-CE4E-438E-8EB2-52B90D8A2907}.Release|Any CPU.ActiveCfg = Release|Any CPU
		{81EED96B-CE4E-438E-8EB2-52B90D8A2907}.Release|Any CPU.Build.0 = Release|Any CPU
		{B95B6DF7-B1B5-44E1-9AEC-7F1117CA0CD3}.Debug|Any CPU.ActiveCfg = Debug|Any CPU
		{B95B6DF7-B1B5-44E1-9AEC-7F1117CA0CD3}.Debug|Any CPU.Build.0 = Debug|Any CPU
		{B95B6DF7-B1B5-44E1-9AEC-7F1117CA0CD3}.Release|Any CPU.ActiveCfg = Release|Any CPU
		{B95B6DF7-B1B5-44E1-9AEC-7F1117CA0CD3}.Release|Any CPU.Build.0 = Release|Any CPU
		{6B2AE737-BBBA-4681-8B3A-097180A9C545}.Debug|Any CPU.ActiveCfg = Debug|Any CPU
		{6B2AE737-BBBA-4681-8B3A-097180A9C545}.Debug|Any CPU.Build.0 = Debug|Any CPU
		{6B2AE737-BBBA-4681-8B3A-097180A9C545}.Release|Any CPU.ActiveCfg = Release|Any CPU
		{6B2AE737-BBBA-4681-8B3A-097180A9C545}.Release|Any CPU.Build.0 = Release|Any CPU
		{F876382B-A3FB-44ED-9655-8F2821D96F3A}.Debug|Any CPU.ActiveCfg = Debug|Any CPU
		{F876382B-A3FB-44ED-9655-8F2821D96F3A}.Debug|Any CPU.Build.0 = Debug|Any CPU
		{F876382B-A3FB-44ED-9655-8F2821D96F3A}.Release|Any CPU.ActiveCfg = Release|Any CPU
		{F876382B-A3FB-44ED-9655-8F2821D96F3A}.Release|Any CPU.Build.0 = Release|Any CPU
		{A5E6DC86-E7EC-4D64-AC8C-10D88EB2E368}.Debug|Any CPU.ActiveCfg = Debug|Any CPU
		{A5E6DC86-E7EC-4D64-AC8C-10D88EB2E368}.Debug|Any CPU.Build.0 = Debug|Any CPU
		{A5E6DC86-E7EC-4D64-AC8C-10D88EB2E368}.Release|Any CPU.ActiveCfg = Release|Any CPU
		{A5E6DC86-E7EC-4D64-AC8C-10D88EB2E368}.Release|Any CPU.Build.0 = Release|Any CPU
		{091810CC-1E64-4F63-AC04-595FAED9CF4A}.Debug|Any CPU.ActiveCfg = Debug|Any CPU
		{091810CC-1E64-4F63-AC04-595FAED9CF4A}.Debug|Any CPU.Build.0 = Debug|Any CPU
		{091810CC-1E64-4F63-AC04-595FAED9CF4A}.Release|Any CPU.ActiveCfg = Release|Any CPU
		{091810CC-1E64-4F63-AC04-595FAED9CF4A}.Release|Any CPU.Build.0 = Release|Any CPU
		{DD776BB9-8784-48AB-8831-7CDBFE0D9B33}.Debug|Any CPU.ActiveCfg = Debug|Any CPU
		{DD776BB9-8784-48AB-8831-7CDBFE0D9B33}.Debug|Any CPU.Build.0 = Debug|Any CPU
		{DD776BB9-8784-48AB-8831-7CDBFE0D9B33}.Release|Any CPU.ActiveCfg = Release|Any CPU
		{DD776BB9-8784-48AB-8831-7CDBFE0D9B33}.Release|Any CPU.Build.0 = Release|Any CPU
		{1F65B725-55B1-4E4A-9A1B-7F5499B20433}.Debug|Any CPU.ActiveCfg = Debug|Any CPU
		{1F65B725-55B1-4E4A-9A1B-7F5499B20433}.Debug|Any CPU.Build.0 = Debug|Any CPU
		{1F65B725-55B1-4E4A-9A1B-7F5499B20433}.Release|Any CPU.ActiveCfg = Release|Any CPU
		{1F65B725-55B1-4E4A-9A1B-7F5499B20433}.Release|Any CPU.Build.0 = Release|Any CPU
	EndGlobalSection
	GlobalSection(SolutionProperties) = preSolution
		HideSolutionNode = FALSE
	EndGlobalSection
	GlobalSection(NestedProjects) = preSolution
		{825E1947-670E-4C7B-8362-04B58671A5D5} = {F33F4B68-68AA-42EB-84A8-A39218C7E7F6}
		{E9185B49-03E4-483D-9C29-E811EC7492C1} = {250A0EEF-92BE-4DC8-A52B-957B3BEA0C83}
		{C23B28D5-0D26-4FA7-AF2C-2542A2E66090} = {A2A8A27B-96A9-4759-AFA8-344A48B16CD3}
		{471E8C21-483E-4A0B-8DA1-DD1627260055} = {C23B28D5-0D26-4FA7-AF2C-2542A2E66090}
		{E603A50D-F871-40CD-9694-B4BDA204FC9B} = {471E8C21-483E-4A0B-8DA1-DD1627260055}
		{29D18E58-C816-4006-B264-01AE47142875} = {A2A8A27B-96A9-4759-AFA8-344A48B16CD3}
		{09064F0D-7C5B-462F-B8AB-D546851EA9CD} = {29D18E58-C816-4006-B264-01AE47142875}
		{81EED96B-CE4E-438E-8EB2-52B90D8A2907} = {09064F0D-7C5B-462F-B8AB-D546851EA9CD}
		{3C06A546-AE2F-46D0-A80C-FD4FB97EB6FA} = {A2A8A27B-96A9-4759-AFA8-344A48B16CD3}
		{B95B6DF7-B1B5-44E1-9AEC-7F1117CA0CD3} = {F8938D60-51A0-4880-9CFC-19C66379BB5D}
		{C07EB237-D3E8-452C-922E-531E5B17901B} = {A2A8A27B-96A9-4759-AFA8-344A48B16CD3}
		{A227CD2F-EE06-4891-9A48-39A870A07CA9} = {C07EB237-D3E8-452C-922E-531E5B17901B}
		{6B2AE737-BBBA-4681-8B3A-097180A9C545} = {A227CD2F-EE06-4891-9A48-39A870A07CA9}
		{136BA4BE-F89F-4C60-AB85-FEBF22630ADB} = {A2A8A27B-96A9-4759-AFA8-344A48B16CD3}
		{9B0D2F05-38F4-4069-9FB4-6B5D2ED5A998} = {136BA4BE-F89F-4C60-AB85-FEBF22630ADB}
		{F876382B-A3FB-44ED-9655-8F2821D96F3A} = {9B0D2F05-38F4-4069-9FB4-6B5D2ED5A998}
		{0D67C9EB-DBA7-4D50-9706-A46E0EFABDBD} = {A2A8A27B-96A9-4759-AFA8-344A48B16CD3}
		{5C1990E7-550C-4288-BA08-1F2EFDF9647A} = {0D67C9EB-DBA7-4D50-9706-A46E0EFABDBD}
		{A5E6DC86-E7EC-4D64-AC8C-10D88EB2E368} = {5C1990E7-550C-4288-BA08-1F2EFDF9647A}
		{ADBCF3C6-EB1D-4A10-BA09-2F0E3509CD00} = {A2A8A27B-96A9-4759-AFA8-344A48B16CD3}
		{A352CC8A-0527-4F37-AF72-C70D2E875702} = {ADBCF3C6-EB1D-4A10-BA09-2F0E3509CD00}
		{091810CC-1E64-4F63-AC04-595FAED9CF4A} = {A352CC8A-0527-4F37-AF72-C70D2E875702}
		{540C15C8-6EB5-45E9-976D-DDCC7D46ECC5} = {A2A8A27B-96A9-4759-AFA8-344A48B16CD3}
		{379E6B18-2F08-41FE-86E3-F823B6AF9350} = {540C15C8-6EB5-45E9-976D-DDCC7D46ECC5}
		{DD776BB9-8784-48AB-8831-7CDBFE0D9B33} = {379E6B18-2F08-41FE-86E3-F823B6AF9350}
		{1B7C6232-DDB6-4996-BCA0-9F8EACBEF3C5} = {A2A8A27B-96A9-4759-AFA8-344A48B16CD3}
		{1A5D0984-19E3-423C-9AF9-E58BAF19E5E9} = {1B7C6232-DDB6-4996-BCA0-9F8EACBEF3C5}
		{1F65B725-55B1-4E4A-9A1B-7F5499B20433} = {1A5D0984-19E3-423C-9AF9-E58BAF19E5E9}
	EndGlobalSection
	GlobalSection(ExtensibilityGlobals) = postSolution
		SolutionGuid = {E861FFDB-4E5A-4035-9E8B-7CA18E775AE9}
	EndGlobalSection
	GlobalSection(SharedMSBuildProjectFiles) = preSolution
		Swarming Playground\Swarming Playground.projitems*{3c06a546-ae2f-46d0-a80c-fd4fb97eb6fa}*SharedItemsImports = 13
		Swarming Playground\Swarming Playground.projitems*{6b2ae737-bbba-4681-8b3a-097180a9c545}*SharedItemsImports = 5
		Swarming Playground\Swarming Playground.projitems*{81eed96b-ce4e-438e-8eb2-52b90d8a2907}*SharedItemsImports = 5
		Swarming Playground\Swarming Playground.projitems*{b95b6df7-b1b5-44e1-9aec-7f1117ca0cd3}*SharedItemsImports = 5
		Swarming Playground\Swarming Playground.projitems*{e603a50d-f871-40cd-9694-b4bda204fc9b}*SharedItemsImports = 5
		Swarming Playground\Swarming Playground.projitems*{f876382b-a3fb-44ed-9655-8f2821d96f3a}*SharedItemsImports = 5
	EndGlobalSection
EndGlobal
